
Microsoft Visual Studio Solution File, Format Version 12.00
# Visual Studio Version 16
VisualStudioVersion = 16.0.31729.503
MinimumVisualStudioVersion = 10.0.40219.1
Project("{FAE04EC0-301F-11D3-BF4B-00C04F79EFBC}") = "MCD_OOPCokBicimlilikOrnek", "MCD_OOPCokBicimlilikOrnek\MCD_OOPCokBicimlilikOrnek.csproj", "{1EC0728B-70B7-4BA8-8F99-D9668E0CE6BD}"
EndProject
Global
	GlobalSection(SolutionConfigurationPlatforms) = preSolution
		Debug|Any CPU = Debug|Any CPU
		Release|Any CPU = Release|Any CPU
	EndGlobalSection
	GlobalSection(ProjectConfigurationPlatforms) = postSolution
		{1EC0728B-70B7-4BA8-8F99-D9668E0CE6BD}.Debug|Any CPU.ActiveCfg = Debug|Any CPU
		{1EC0728B-70B7-4BA8-8F99-D9668E0CE6BD}.Debug|Any CPU.Build.0 = Debug|Any CPU
		{1EC0728B-70B7-4BA8-8F99-D9668E0CE6BD}.Release|Any CPU.ActiveCfg = Release|Any CPU
		{1EC0728B-70B7-4BA8-8F99-D9668E0CE6BD}.Release|Any CPU.Build.0 = Release|Any CPU
	EndGlobalSection
	GlobalSection(SolutionProperties) = preSolution
		HideSolutionNode = FALSE
	EndGlobalSection
	GlobalSection(ExtensibilityGlobals) = postSolution
		SolutionGuid = {014BDF3E-8386-4460-AFC9-AE1A22D53CE9}
	EndGlobalSection
EndGlobal
